
Microsoft Visual Studio Solution File, Format Version 12.00
# Visual Studio Version 17
VisualStudioVersion = 17.4.33213.308
MinimumVisualStudioVersion = 10.0.40219.1
Project("{8BC9CEB8-8B4A-11D0-8D11-00A0C91BC942}") = "CS2_Module5LabPt2", "CS2_Module5LabPt2.vcxproj", "{93E3F49B-63EB-4674-A087-9578535B3CE7}"
EndProject
Global
	GlobalSection(SolutionConfigurationPlatforms) = preSolution
		Debug|x64 = Debug|x64
		Debug|x86 = Debug|x86
		Release|x64 = Release|x64
		Release|x86 = Release|x86
	EndGlobalSection
	GlobalSection(ProjectConfigurationPlatforms) = postSolution
		{93E3F49B-63EB-4674-A087-9578535B3CE7}.Debug|x64.ActiveCfg = Debug|x64
		{93E3F49B-63EB-4674-A087-9578535B3CE7}.Debug|x64.Build.0 = Debug|x64
		{93E3F49B-63EB-4674-A087-9578535B3CE7}.Debug|x86.ActiveCfg = Debug|Win32
		{93E3F49B-63EB-4674-A087-9578535B3CE7}.Debug|x86.Build.0 = Debug|Win32
		{93E3F49B-63EB-4674-A087-9578535B3CE7}.Release|x64.ActiveCfg = Release|x64
		{93E3F49B-63EB-4674-A087-9578535B3CE7}.Release|x64.Build.0 = Release|x64
		{93E3F49B-63EB-4674-A087-9578535B3CE7}.Release|x86.ActiveCfg = Release|Win32
		{93E3F49B-63EB-4674-A087-9578535B3CE7}.Release|x86.Build.0 = Release|Win32
	EndGlobalSection
	GlobalSection(SolutionProperties) = preSolution
		HideSolutionNode = FALSE
	EndGlobalSection
	GlobalSection(ExtensibilityGlobals) = postSolution
		SolutionGuid = {E2ADE7C8-EB59-41CA-B2DF-65236F8F7D01}
	EndGlobalSection
EndGlobal
